{
  "name": "prerenderwebnodeplugin",
  "version": "1.0.52",
  "lockfileVersion": 1,
  "requires": true,
  "dependencies": {
    "clientnode": {
      "version": "3.0.1",
      "resolved": "https://registry.npmjs.org/clientnode/-/clientnode-3.0.1.tgz",
      "integrity": "sha512-UFdF1H6kkGOOpjIHIIKRUgd0QM/JZnN8TzzMQsEyXYNg2VHgpobVCzrIefb3pb6ItSGSffDfDW4BnDVr206EcA=="
    }
  }
}
